{
	"requires": true,
	"lockfileVersion": 1,
	"dependencies": {
		"node": {
			"version": "10.4.1",
			"resolved": "https://registry.npmjs.org/node/-/node-10.4.1.tgz",
			"integrity": "sha512-mr65ue1CjMUGr8jmpQSC1bpzs8FU0abFUByBYTMovTIrrBXjH7uISt67/cxqIXl5A7U1lEb0jmQiwRc3LKwa5g==",
			"requires": {
				"node-bin-setup": "^1.0.0"
			}
		},
		"node-bin-setup": {
			"version": "1.0.6",
			"resolved": "https://registry.npmjs.org/node-bin-setup/-/node-bin-setup-1.0.6.tgz",
			"integrity": "sha512-uPIxXNis1CRbv1DwqAxkgBk5NFV3s7cMN/Gf556jSw6jBvV7ca4F9lRL/8cALcZecRibeqU+5dFYqFFmzv5a0Q=="
		}
	}
}
